
Microsoft Visual Studio Solution File, Format Version 12.00
# Visual Studio Version 16
VisualStudioVersion = 16.0.30309.148
MinimumVisualStudioVersion = 10.0.40219.1
Project("{8BC9CEB8-8B4A-11D0-8D11-00A0C91BC942}") = "Fourier", "Fourier\Fourier.vcxproj", "{75831D3A-CE04-4FF5-8BB3-B0774AD3C521}"
EndProject
Global
	GlobalSection(SolutionConfigurationPlatforms) = preSolution
		Debug|x64 = Debug|x64
		Debug|x86 = Debug|x86
		Release|x64 = Release|x64
		Release|x86 = Release|x86
	EndGlobalSection
	GlobalSection(ProjectConfigurationPlatforms) = postSolution
		{75831D3A-CE04-4FF5-8BB3-B0774AD3C521}.Debug|x64.ActiveCfg = Debug|x64
		{75831D3A-CE04-4FF5-8BB3-B0774AD3C521}.Debug|x64.Build.0 = Debug|x64
		{75831D3A-CE04-4FF5-8BB3-B0774AD3C521}.Debug|x86.ActiveCfg = Debug|Win32
		{75831D3A-CE04-4FF5-8BB3-B0774AD3C521}.Debug|x86.Build.0 = Debug|Win32
		{75831D3A-CE04-4FF5-8BB3-B0774AD3C521}.Release|x64.ActiveCfg = Release|x64
		{75831D3A-CE04-4FF5-8BB3-B0774AD3C521}.Release|x64.Build.0 = Release|x64
		{75831D3A-CE04-4FF5-8BB3-B0774AD3C521}.Release|x86.ActiveCfg = Release|Win32
		{75831D3A-CE04-4FF5-8BB3-B0774AD3C521}.Release|x86.Build.0 = Release|Win32
	EndGlobalSection
	GlobalSection(SolutionProperties) = preSolution
		HideSolutionNode = FALSE
	EndGlobalSection
	GlobalSection(ExtensibilityGlobals) = postSolution
		SolutionGuid = {072A5E61-FAD4-4A4A-843F-54D6060A8D56}
	EndGlobalSection
EndGlobal
